
Microsoft Visual Studio Solution File, Format Version 12.00
# Visual Studio Version 16
VisualStudioVersion = 16.0.29306.81
MinimumVisualStudioVersion = 10.0.40219.1
Project("{FAE04EC0-301F-11D3-BF4B-00C04F79EFBC}") = "ClinkedIn", "ClinkedIn\ClinkedIn.csproj", "{566A2EA8-7202-42DD-AA8E-D3F5D39AEFB5}"
EndProject
Global
	GlobalSection(SolutionConfigurationPlatforms) = preSolution
		Debug|Any CPU = Debug|Any CPU
		Release|Any CPU = Release|Any CPU
	EndGlobalSection
	GlobalSection(ProjectConfigurationPlatforms) = postSolution
		{566A2EA8-7202-42DD-AA8E-D3F5D39AEFB5}.Debug|Any CPU.ActiveCfg = Debug|Any CPU
		{566A2EA8-7202-42DD-AA8E-D3F5D39AEFB5}.Debug|Any CPU.Build.0 = Debug|Any CPU
		{566A2EA8-7202-42DD-AA8E-D3F5D39AEFB5}.Release|Any CPU.ActiveCfg = Release|Any CPU
		{566A2EA8-7202-42DD-AA8E-D3F5D39AEFB5}.Release|Any CPU.Build.0 = Release|Any CPU
	EndGlobalSection
	GlobalSection(SolutionProperties) = preSolution
		HideSolutionNode = FALSE
	EndGlobalSection
	GlobalSection(ExtensibilityGlobals) = postSolution
		SolutionGuid = {687CF17E-DD29-4E22-81B0-531300312544}
	EndGlobalSection
EndGlobal
